
Microsoft Visual Studio Solution File, Format Version 12.00
# Visual Studio Version 17
VisualStudioVersion = 17.9.34607.119
MinimumVisualStudioVersion = 10.0.40219.1
Project("{FAE04EC0-301F-11D3-BF4B-00C04F79EFBC}") = "Week6StringsAndArrays", "Week6StringsAndArrays\Week6StringsAndArrays.csproj", "{37D74DBD-CF08-4C83-9DB1-BF9F29E4335F}"
EndProject
Project("{FAE04EC0-301F-11D3-BF4B-00C04F79EFBC}") = "Arrays", "Arrays\Arrays.csproj", "{59A50323-0157-4B0D-9CF1-4D5E7E585D57}"
EndProject
Project("{FAE04EC0-301F-11D3-BF4B-00C04F79EFBC}") = "NumberArray", "NumberArray\NumberArray.csproj", "{A9AB4868-7F26-45C2-9DBF-D8FF8963040B}"
EndProject
Project("{FAE04EC0-301F-11D3-BF4B-00C04F79EFBC}") = "RandomElement", "RandomElement\RandomElement.csproj", "{96458AEE-F23A-4064-9ADB-818F7A23DE7B}"
EndProject
Global
	GlobalSection(SolutionConfigurationPlatforms) = preSolution
		Debug|Any CPU = Debug|Any CPU
		Release|Any CPU = Release|Any CPU
	EndGlobalSection
	GlobalSection(ProjectConfigurationPlatforms) = postSolution
		{37D74DBD-CF08-4C83-9DB1-BF9F29E4335F}.Debug|Any CPU.ActiveCfg = Debug|Any CPU
		{37D74DBD-CF08-4C83-9DB1-BF9F29E4335F}.Debug|Any CPU.Build.0 = Debug|Any CPU
		{37D74DBD-CF08-4C83-9DB1-BF9F29E4335F}.Release|Any CPU.ActiveCfg = Release|Any CPU
		{37D74DBD-CF08-4C83-9DB1-BF9F29E4335F}.Release|Any CPU.Build.0 = Release|Any CPU
		{59A50323-0157-4B0D-9CF1-4D5E7E585D57}.Debug|Any CPU.ActiveCfg = Debug|Any CPU
		{59A50323-0157-4B0D-9CF1-4D5E7E585D57}.Debug|Any CPU.Build.0 = Debug|Any CPU
		{59A50323-0157-4B0D-9CF1-4D5E7E585D57}.Release|Any CPU.ActiveCfg = Release|Any CPU
		{59A50323-0157-4B0D-9CF1-4D5E7E585D57}.Release|Any CPU.Build.0 = Release|Any CPU
		{A9AB4868-7F26-45C2-9DBF-D8FF8963040B}.Debug|Any CPU.ActiveCfg = Debug|Any CPU
		{A9AB4868-7F26-45C2-9DBF-D8FF8963040B}.Debug|Any CPU.Build.0 = Debug|Any CPU
		{A9AB4868-7F26-45C2-9DBF-D8FF8963040B}.Release|Any CPU.ActiveCfg = Release|Any CPU
		{A9AB4868-7F26-45C2-9DBF-D8FF8963040B}.Release|Any CPU.Build.0 = Release|Any CPU
		{96458AEE-F23A-4064-9ADB-818F7A23DE7B}.Debug|Any CPU.ActiveCfg = Debug|Any CPU
		{96458AEE-F23A-4064-9ADB-818F7A23DE7B}.Debug|Any CPU.Build.0 = Debug|Any CPU
		{96458AEE-F23A-4064-9ADB-818F7A23DE7B}.Release|Any CPU.ActiveCfg = Release|Any CPU
		{96458AEE-F23A-4064-9ADB-818F7A23DE7B}.Release|Any CPU.Build.0 = Release|Any CPU
	EndGlobalSection
	GlobalSection(SolutionProperties) = preSolution
		HideSolutionNode = FALSE
	EndGlobalSection
	GlobalSection(ExtensibilityGlobals) = postSolution
		SolutionGuid = {031C6BF3-8DEC-4E76-9DC0-5AC864FDD15C}
	EndGlobalSection
EndGlobal
